
Microsoft Visual Studio Solution File, Format Version 12.00
Project("{FAE04EC0-301F-11D3-BF4B-00C04F79EFBC}") = "facebook-app", "facebook-app.csproj", "{71D3F2D2-D447-4E48-8F8F-0081CE4CDADA}"
EndProject
Global
	GlobalSection(SolutionConfigurationPlatforms) = preSolution
		Debug|Any CPU = Debug|Any CPU
		Release|Any CPU = Release|Any CPU
	EndGlobalSection
	GlobalSection(ProjectConfigurationPlatforms) = postSolution
		{71D3F2D2-D447-4E48-8F8F-0081CE4CDADA}.Debug|Any CPU.ActiveCfg = Debug|Any CPU
		{71D3F2D2-D447-4E48-8F8F-0081CE4CDADA}.Debug|Any CPU.Build.0 = Debug|Any CPU
		{71D3F2D2-D447-4E48-8F8F-0081CE4CDADA}.Release|Any CPU.ActiveCfg = Release|Any CPU
		{71D3F2D2-D447-4E48-8F8F-0081CE4CDADA}.Release|Any CPU.Build.0 = Release|Any CPU
	EndGlobalSection
EndGlobal
